
<Solution>
  <Project Path="Core\MauiMultimedia.Core.csproj" />
  <Project Path="Shell\MauiMultimedia.Shell.csproj">
    <Deploy Solution="Debug|*" />
  </Project>
  <Project Path="Viewers\Text\MauiMultimedia.Viewers.Text.csproj" />
  <Project Path="Viewers\Image\MauiMultimedia.Viewers.Image.csproj" />
  <Project Path="Viewers\Html\MauiMultimedia.Viewers.Html.csproj" />
</Solution>
