
<Solution>
  <Project Path="Core\MauiMultimedia.Core.csproj" />
  <Project Path="Shell\MauiMultimedia.Shell.csproj">
    <Deploy Solution="Debug|*" />
  </Project>
  <Project Path="Viewers\Text\MauiMultimedia.Viewers.Text.csproj" />
  <Project Path="Viewers\Image\MauiMultimedia.Viewers.Image.csproj" />
  <Project Path="Viewers\Html\MauiMultimedia.Viewers.Html.csproj" />
  <Project Path="Viewers/Model3D/MauiMultimedia.Viewers.Model3D.csproj" />
  <Project Path="Viewers/Video.Native/MauiMultimedia.Viewers.Video.Native.csproj" />
  <Project Path="Viewers/Video/MauiMultimedia.Viewers.Video.csproj" />
  <Project Path="Viewers\Archive\MauiMultimedia.Viewers.Archive.csproj" />
  <Project Path="Tests\MauiMultimedia.Tests\MauiMultimedia.Tests.csproj" />
</Solution>
